
Microsoft Visual Studio Solution File, Format Version 12.00
# Visual Studio Version 16
VisualStudioVersion = 16.0.31702.278
MinimumVisualStudioVersion = 10.0.40219.1
Project("{FAE04EC0-301F-11D3-BF4B-00C04F79EFBC}") = "UserData", "UserData\UserData.csproj", "{4EB3FF30-E99B-44A9-ADAD-393D5639E30F}"
EndProject
Project("{FAE04EC0-301F-11D3-BF4B-00C04F79EFBC}") = "UserAge", "UserAge\UserAge.csproj", "{7E9E70C7-822B-412D-A100-DC16B53FEDC0}"
EndProject
Project("{FAE04EC0-301F-11D3-BF4B-00C04F79EFBC}") = "InstagramAgeCheck", "InstagramAgeCheck\InstagramAgeCheck.csproj", "{6FF24D2A-38C6-4A37-AC9E-98E7B9A949E3}"
EndProject
Project("{FAE04EC0-301F-11D3-BF4B-00C04F79EFBC}") = "DrivingLicence", "DrivingLicence\DrivingLicence.csproj", "{5694ABC1-EA77-4D01-ACA9-6FA77C357ED2}"
EndProject
Global
	GlobalSection(SolutionConfigurationPlatforms) = preSolution
		Debug|Any CPU = Debug|Any CPU
		Release|Any CPU = Release|Any CPU
	EndGlobalSection
	GlobalSection(ProjectConfigurationPlatforms) = postSolution
		{4EB3FF30-E99B-44A9-ADAD-393D5639E30F}.Debug|Any CPU.ActiveCfg = Debug|Any CPU
		{4EB3FF30-E99B-44A9-ADAD-393D5639E30F}.Debug|Any CPU.Build.0 = Debug|Any CPU
		{4EB3FF30-E99B-44A9-ADAD-393D5639E30F}.Release|Any CPU.ActiveCfg = Release|Any CPU
		{4EB3FF30-E99B-44A9-ADAD-393D5639E30F}.Release|Any CPU.Build.0 = Release|Any CPU
		{7E9E70C7-822B-412D-A100-DC16B53FEDC0}.Debug|Any CPU.ActiveCfg = Debug|Any CPU
		{7E9E70C7-822B-412D-A100-DC16B53FEDC0}.Debug|Any CPU.Build.0 = Debug|Any CPU
		{7E9E70C7-822B-412D-A100-DC16B53FEDC0}.Release|Any CPU.ActiveCfg = Release|Any CPU
		{7E9E70C7-822B-412D-A100-DC16B53FEDC0}.Release|Any CPU.Build.0 = Release|Any CPU
		{6FF24D2A-38C6-4A37-AC9E-98E7B9A949E3}.Debug|Any CPU.ActiveCfg = Debug|Any CPU
		{6FF24D2A-38C6-4A37-AC9E-98E7B9A949E3}.Debug|Any CPU.Build.0 = Debug|Any CPU
		{6FF24D2A-38C6-4A37-AC9E-98E7B9A949E3}.Release|Any CPU.ActiveCfg = Release|Any CPU
		{6FF24D2A-38C6-4A37-AC9E-98E7B9A949E3}.Release|Any CPU.Build.0 = Release|Any CPU
		{5694ABC1-EA77-4D01-ACA9-6FA77C357ED2}.Debug|Any CPU.ActiveCfg = Debug|Any CPU
		{5694ABC1-EA77-4D01-ACA9-6FA77C357ED2}.Debug|Any CPU.Build.0 = Debug|Any CPU
		{5694ABC1-EA77-4D01-ACA9-6FA77C357ED2}.Release|Any CPU.ActiveCfg = Release|Any CPU
		{5694ABC1-EA77-4D01-ACA9-6FA77C357ED2}.Release|Any CPU.Build.0 = Release|Any CPU
	EndGlobalSection
	GlobalSection(SolutionProperties) = preSolution
		HideSolutionNode = FALSE
	EndGlobalSection
	GlobalSection(ExtensibilityGlobals) = postSolution
		SolutionGuid = {55A0CE2A-34AA-4813-ACD3-623C85DD9D69}
	EndGlobalSection
EndGlobal
